{
  "meteor": {},
  "dependencies": {
    "basePackages": {
      "iron-router": {},
      "semantic-ui": {},
      "collection-hooks": {},
      "fast-render": {},
      "moment": {}
      "notifications": {},
    },
    "packages": {
      "iron-router": {
        "git": "https://github.com/EventedMind/iron-router.git",
        "tag": "v0.7.1",
        "commit": "d1ffb3f06ea4c112132b030f2eb1a70b81675ecb"
      },
      "semantic-ui": {
        "git": "https://github.com/nooitaf/meteor-semantic-ui.git",
        "tag": "v0.18.0",
        "commit": "a27035712167b248366a7719399a2257513530ee"
      },
      "collection-hooks": {
        "git": "https://github.com/matb33/meteor-collection-hooks.git",
        "tag": "v0.7.0",
        "commit": "20a6de81f3818f112bccf67b5e1d3db342cf0b18"
      },
      "fast-render": {
        "git": "https://github.com/arunoda/meteor-fast-render.git",
        "tag": "v0.2.8",
        "commit": "149984b1aff3a5642a270aff9bd9006872c8302e"
      },
      "moment": {
        "git": "https://github.com/acreeger/meteor-moment.git",
        "tag": "v2.6.0",
        "commit": "26156df681750fd6e6ed77043eef32b6653ebbdf"
      },
      "notifications": {
        "git": "https://github.com/gfk-ba/meteor-notifications.git",
        "tag": "v0.4.8",
        "commit": "ed16633ce4996522907a41138b3ebc6134e15063"
      },
      "jqueryui": {
        "git": "https://github.com/mizzao/meteor-jqueryui.git",
        "tag": "v1.10.4",
        "commit": "c75906fc9e1e19abf1ad5b2963925122ff8a0336"
      },
      "blaze-layout": {
        "git": "https://github.com/EventedMind/blaze-layout.git",
        "tag": "v0.2.4",
        "commit": "b40e9b0612329288d75cf52ad14a7da64bb8618f"
      }
    }
  }
}
